
Microsoft Visual Studio Solution File, Format Version 12.00
# Visual Studio Version 16
VisualStudioVersion = 16.0.30105.148
MinimumVisualStudioVersion = 10.0.40219.1
Project("{2150E333-8FDC-42A3-9474-1A3956D46DE8}") = "Solution Items", "Solution Items", "{59E48295-9CBC-4765-99F1-5B0E4095D836}"
ProjectSection(SolutionItems) = preProject
	.gitignore = .gitignore
	README.md = README.md
	azure-pipelines.yml = azure-pipelines.yml
EndProjectSection
EndProject
Project("{FAE04EC0-301F-11D3-BF4B-00C04F79EFBC}") = "FamilyTreeProject.Graph", "src\FamilyTreeProject.Graph\FamilyTreeProject.Graph.csproj", "{639BE9F1-F062-49AF-946A-2A09D8B712D3}"
EndProject
Global
	GlobalSection(SolutionConfigurationPlatforms) = preSolution
		Debug|Any CPU = Debug|Any CPU
		Release|Any CPU = Release|Any CPU
	EndGlobalSection
	GlobalSection(ProjectConfigurationPlatforms) = postSolution
		{639BE9F1-F062-49AF-946A-2A09D8B712D3}.Debug|Any CPU.ActiveCfg = Debug|Any CPU
		{639BE9F1-F062-49AF-946A-2A09D8B712D3}.Debug|Any CPU.Build.0 = Debug|Any CPU
		{639BE9F1-F062-49AF-946A-2A09D8B712D3}.Release|Any CPU.ActiveCfg = Release|Any CPU
		{639BE9F1-F062-49AF-946A-2A09D8B712D3}.Release|Any CPU.Build.0 = Release|Any CPU
	EndGlobalSection
	GlobalSection(SolutionProperties) = preSolution
		HideSolutionNode = FALSE
	EndGlobalSection
	GlobalSection(NestedProjects) = preSolution
	EndGlobalSection
	GlobalSection(ExtensibilityGlobals) = postSolution
		SolutionGuid = {E3095F1F-4F71-4191-9061-48E2F24C7DB6}
	EndGlobalSection
EndGlobal
